
Microsoft Visual Studio Solution File, Format Version 12.00
# Visual Studio Version 16
VisualStudioVersion = 16.0.32630.194
MinimumVisualStudioVersion = 10.0.40219.1
Project("{FAE04EC0-301F-11D3-BF4B-00C04F79EFBC}") = "BasicTest1.docx", "BasicTest1.docx.csproj", "{0520AE40-C3A6-4C07-9A3C-B840B0C3D558}"
EndProject
Global
	GlobalSection(SolutionConfigurationPlatforms) = preSolution
		Debug|Any CPU = Debug|Any CPU
		Release|Any CPU = Release|Any CPU
	EndGlobalSection
	GlobalSection(ProjectConfigurationPlatforms) = postSolution
		{0520AE40-C3A6-4C07-9A3C-B840B0C3D558}.Debug|Any CPU.ActiveCfg = Debug|Any CPU
		{0520AE40-C3A6-4C07-9A3C-B840B0C3D558}.Debug|Any CPU.Build.0 = Debug|Any CPU
		{0520AE40-C3A6-4C07-9A3C-B840B0C3D558}.Release|Any CPU.ActiveCfg = Release|Any CPU
		{0520AE40-C3A6-4C07-9A3C-B840B0C3D558}.Release|Any CPU.Build.0 = Release|Any CPU
	EndGlobalSection
	GlobalSection(SolutionProperties) = preSolution
		HideSolutionNode = FALSE
	EndGlobalSection
	GlobalSection(ExtensibilityGlobals) = postSolution
		SolutionGuid = {766B3763-421E-4C02-A57E-A29AEF1DD03F}
	EndGlobalSection
EndGlobal
